
Microsoft Visual Studio Solution File, Format Version 12.00
# Visual Studio Version 17
VisualStudioVersion = 17.6.33815.320
MinimumVisualStudioVersion = 10.0.40219.1
Project("{8BC9CEB8-8B4A-11D0-8D11-00A0C91BC942}") = "physmem_remapper_rewrite", "phsymem_remap\physmem_remapper_rewrite\physmem_remapper_rewrite.vcxproj", "{0B8EACB8-A4B3-4F37-BA0C-2AA50F087351}"
EndProject
Project("{8BC9CEB8-8B4A-11D0-8D11-00A0C91BC942}") = "vext", "vext\vext.vcxproj", "{3115ECC5-0DA7-4743-B2D0-234F3F46A97F}"
EndProject
Project("{8BC9CEB8-8B4A-11D0-8D11-00A0C91BC942}") = "my_mapper", "mapper\my_mapper\my_mapper.vcxproj", "{278B99AC-C438-472A-8272-79F83DEF7F7D}"
EndProject
Project("{8BC9CEB8-8B4A-11D0-8D11-00A0C91BC942}") = "vext_dbd", "vext_dbd\vext_dbd.vcxproj", "{33F8840D-BAF6-4968-B22C-52ACE0DB623C}"
EndProject
Project("{8BC9CEB8-8B4A-11D0-8D11-00A0C91BC942}") = "reclass_plugin", "reclass_plugin\reclass_plugin.vcxproj", "{287E2179-9A85-47E2-A2FF-3D3FD4AD0F41}"
EndProject
Global
	GlobalSection(SolutionConfigurationPlatforms) = preSolution
		Release|x64 = Release|x64
	EndGlobalSection
	GlobalSection(ProjectConfigurationPlatforms) = postSolution
		{0B8EACB8-A4B3-4F37-BA0C-2AA50F087351}.Release|x64.ActiveCfg = Release|x64
		{0B8EACB8-A4B3-4F37-BA0C-2AA50F087351}.Release|x64.Build.0 = Release|x64
		{3115ECC5-0DA7-4743-B2D0-234F3F46A97F}.Release|x64.ActiveCfg = Release|x64
		{3115ECC5-0DA7-4743-B2D0-234F3F46A97F}.Release|x64.Build.0 = Release|x64
		{278B99AC-C438-472A-8272-79F83DEF7F7D}.Release|x64.ActiveCfg = Release|x64
		{278B99AC-C438-472A-8272-79F83DEF7F7D}.Release|x64.Build.0 = Release|x64
		{33F8840D-BAF6-4968-B22C-52ACE0DB623C}.Release|x64.ActiveCfg = Release|x64
		{33F8840D-BAF6-4968-B22C-52ACE0DB623C}.Release|x64.Build.0 = Release|x64
		{287E2179-9A85-47E2-A2FF-3D3FD4AD0F41}.Release|x64.ActiveCfg = Release|x64
		{287E2179-9A85-47E2-A2FF-3D3FD4AD0F41}.Release|x64.Build.0 = Release|x64
	EndGlobalSection
	GlobalSection(SolutionProperties) = preSolution
		HideSolutionNode = FALSE
	EndGlobalSection
	GlobalSection(ExtensibilityGlobals) = postSolution
		SolutionGuid = {0ABA995A-73F6-44B7-BDD2-6AD0321D92D1}
	EndGlobalSection
EndGlobal
