<?xml version="1.0" encoding="utf-8"?>
<Project ToolsVersion="4.0" xmlns="http://schemas.microsoft.com/developer/msbuild/2003">
  <ItemGroup>
    <Filter Include="Source Files">
      <UniqueIdentifier>{4FC737F1-C7A5-4376-A066-2A32D752A2FF}</UniqueIdentifier>
      <Extensions>cpp;c;cc;cxx;def;odl;idl;hpj;bat;asm;asmx</Extensions>
    </Filter>
    <Filter Include="idt">
      <UniqueIdentifier>{60bcdbb5-fd48-41fe-9d72-96af737768ec}</UniqueIdentifier>
    </Filter>
    <Filter Include="idt\general">
      <UniqueIdentifier>{6bc78932-ecdc-4ee1-b88f-4b94e84fc356}</UniqueIdentifier>
    </Filter>
    <Filter Include="idt\specific">
      <UniqueIdentifier>{9b050ade-d511-4469-94f3-c3be3aa88ae7}</UniqueIdentifier>
    </Filter>
  </ItemGroup>
  <ItemGroup>
    <ClCompile Include="main.cpp">
      <Filter>Source Files</Filter>
    </ClCompile>
  </ItemGroup>
  <ItemGroup>
    <ClInclude Include="idt\idt_util.hpp">
      <Filter>idt\general</Filter>
    </ClInclude>
    <ClInclude Include="idt\assembly_declarations.hpp">
      <Filter>idt\general</Filter>
    </ClInclude>
    <ClInclude Include="idt\idt_includes.h">
      <Filter>idt\general</Filter>
    </ClInclude>
    <ClInclude Include="idt\idt_structs.hpp">
      <Filter>idt\general</Filter>
    </ClInclude>
    <ClInclude Include="idt\idt.hpp">
      <Filter>idt\general</Filter>
    </ClInclude>
    <ClInclude Include="idt\nmi.hpp">
      <Filter>idt\specific</Filter>
    </ClInclude>
  </ItemGroup>
  <ItemGroup>
    <MASM Include="idt\idt_assembly.asm">
      <Filter>idt\general</Filter>
    </MASM>
  </ItemGroup>
</Project>