<?xml version="1.0" encoding="utf-8"?>
<Project ToolsVersion="4.0" xmlns="http://schemas.microsoft.com/developer/msbuild/2003">
  <ItemGroup>
    <Filter Include="Source Files">
      <UniqueIdentifier>{4FC737F1-C7A5-4376-A066-2A32D752A2FF}</UniqueIdentifier>
      <Extensions>cpp;c;cc;cxx;def;odl;idl;hpj;bat;asm;asmx</Extensions>
    </Filter>
    <Filter Include="project">
      <UniqueIdentifier>{e46b5aa0-d56e-4797-993d-7854526a02d4}</UniqueIdentifier>
    </Filter>
    <Filter Include="project\interrupts">
      <UniqueIdentifier>{329363f3-aea4-4e88-aa7f-8810da83ab50}</UniqueIdentifier>
    </Filter>
    <Filter Include="project\communication">
      <UniqueIdentifier>{57daedc6-f132-4146-be4b-6acd50789b4b}</UniqueIdentifier>
    </Filter>
    <Filter Include="project\physmem">
      <UniqueIdentifier>{57735056-3050-4cc8-aa8c-bcfde2acc6c5}</UniqueIdentifier>
    </Filter>
    <Filter Include="project\communication\asm">
      <UniqueIdentifier>{09f662ba-097b-43ea-8aa3-544329a8947a}</UniqueIdentifier>
    </Filter>
    <Filter Include="project\communication\handler">
      <UniqueIdentifier>{096ab70b-e180-4e88-90f7-c99514cd23ef}</UniqueIdentifier>
    </Filter>
  </ItemGroup>
  <ItemGroup>
    <ClCompile Include="main.cpp">
      <Filter>Source Files</Filter>
    </ClCompile>
    <ClCompile Include="project\physmem\physmem.cpp">
      <Filter>project\physmem</Filter>
    </ClCompile>
    <ClCompile Include="project\interrupts\interrupts.cpp">
      <Filter>project\interrupts</Filter>
    </ClCompile>
    <ClCompile Include="project\communication\communication.cpp">
      <Filter>project\communication</Filter>
    </ClCompile>
    <ClCompile Include="project\project_utility.cpp">
      <Filter>project</Filter>
    </ClCompile>
    <ClCompile Include="project\communication\handler.cpp">
      <Filter>project\communication\handler</Filter>
    </ClCompile>
    <ClCompile Include="project\communication\handler_utility.cpp">
      <Filter>project\communication\handler</Filter>
    </ClCompile>
  </ItemGroup>
  <ItemGroup>
    <ClInclude Include="project\physmem\physmem.hpp">
      <Filter>project\physmem</Filter>
    </ClInclude>
    <ClInclude Include="project\interrupts\interrupts.hpp">
      <Filter>project\interrupts</Filter>
    </ClInclude>
    <ClInclude Include="project\project_includes.hpp">
      <Filter>project</Filter>
    </ClInclude>
    <ClInclude Include="project\project_api.hpp">
      <Filter>project</Filter>
    </ClInclude>
    <ClInclude Include="project\physmem\physmem_structs.hpp">
      <Filter>project\physmem</Filter>
    </ClInclude>
    <ClInclude Include="project\physmem\page_table_helpers.hpp">
      <Filter>project\physmem</Filter>
    </ClInclude>
    <ClInclude Include="project\windows_structs.hpp">
      <Filter>project</Filter>
    </ClInclude>
    <ClInclude Include="project\interrupts\interrupt_structs.hpp">
      <Filter>project\interrupts</Filter>
    </ClInclude>
    <ClInclude Include="project\communication\communication.hpp">
      <Filter>project\communication</Filter>
    </ClInclude>
    <ClInclude Include="project\project_utility.hpp">
      <Filter>project</Filter>
    </ClInclude>
    <ClInclude Include="project\communication\shellcode.hpp">
      <Filter>project\communication\asm</Filter>
    </ClInclude>
    <ClInclude Include="project\communication\shared_structs.hpp">
      <Filter>project\communication\handler</Filter>
    </ClInclude>
  </ItemGroup>
  <ItemGroup>
    <MASM Include="project\interrupts\interrupts_asm.asm">
      <Filter>project\interrupts</Filter>
    </MASM>
    <MASM Include="project\communication\comm_assembly.asm">
      <Filter>project\communication\asm</Filter>
    </MASM>
  </ItemGroup>
</Project>